
Microsoft Visual Studio Solution File, Format Version 12.00
# Visual Studio Version 17
VisualStudioVersion = 17.2.32616.157
MinimumVisualStudioVersion = 10.0.40219.1
Project("{9A19103F-16F7-4668-BE54-9A1E7A4F7556}") = "RadioRecord", "RadioRecord\RadioRecord.csproj", "{2D180AF8-25D6-4938-8A8F-93827484BFE3}"
EndProject
Project("{9A19103F-16F7-4668-BE54-9A1E7A4F7556}") = "OrangeFRN", "CommandRunner\OrangeFRN.csproj", "{A6473CDC-1C39-4A1D-8201-36573A8BA4CD}"
EndProject
Project("{FAE04EC0-301F-11D3-BF4B-00C04F79EFBC}") = "SerialTool", "SerialTool\SerialTool.csproj", "{E322B702-2164-48FC-AFD1-F11DAF5E84F8}"
EndProject
Global
	GlobalSection(SolutionConfigurationPlatforms) = preSolution
		Debug|Any CPU = Debug|Any CPU
		Release|Any CPU = Release|Any CPU
	EndGlobalSection
	GlobalSection(ProjectConfigurationPlatforms) = postSolution
		{2D180AF8-25D6-4938-8A8F-93827484BFE3}.Debug|Any CPU.ActiveCfg = Debug|Any CPU
		{2D180AF8-25D6-4938-8A8F-93827484BFE3}.Debug|Any CPU.Build.0 = Debug|Any CPU
		{2D180AF8-25D6-4938-8A8F-93827484BFE3}.Release|Any CPU.ActiveCfg = Release|Any CPU
		{2D180AF8-25D6-4938-8A8F-93827484BFE3}.Release|Any CPU.Build.0 = Release|Any CPU
		{A6473CDC-1C39-4A1D-8201-36573A8BA4CD}.Debug|Any CPU.ActiveCfg = Debug|Any CPU
		{A6473CDC-1C39-4A1D-8201-36573A8BA4CD}.Debug|Any CPU.Build.0 = Debug|Any CPU
		{A6473CDC-1C39-4A1D-8201-36573A8BA4CD}.Release|Any CPU.ActiveCfg = Release|Any CPU
		{A6473CDC-1C39-4A1D-8201-36573A8BA4CD}.Release|Any CPU.Build.0 = Release|Any CPU
		{E322B702-2164-48FC-AFD1-F11DAF5E84F8}.Debug|Any CPU.ActiveCfg = Debug|Any CPU
		{E322B702-2164-48FC-AFD1-F11DAF5E84F8}.Debug|Any CPU.Build.0 = Debug|Any CPU
		{E322B702-2164-48FC-AFD1-F11DAF5E84F8}.Release|Any CPU.ActiveCfg = Release|Any CPU
		{E322B702-2164-48FC-AFD1-F11DAF5E84F8}.Release|Any CPU.Build.0 = Release|Any CPU
	EndGlobalSection
	GlobalSection(SolutionProperties) = preSolution
		HideSolutionNode = FALSE
	EndGlobalSection
	GlobalSection(ExtensibilityGlobals) = postSolution
		SolutionGuid = {6CDC981E-BD40-40C2-9D41-9AD771EDB294}
	EndGlobalSection
EndGlobal
