
Microsoft Visual Studio Solution File, Format Version 12.00
# Visual Studio Version 17
VisualStudioVersion = 17.2.32616.157
MinimumVisualStudioVersion = 10.0.40219.1
Project("{9A19103F-16F7-4668-BE54-9A1E7A4F7556}") = "OrangeFRN", "OrangeFRN.csproj", "{079DF766-8D4F-48E8-9B01-8278831A6868}"
EndProject
Project("{9A19103F-16F7-4668-BE54-9A1E7A4F7556}") = "Tests", "Tests\Tests.csproj", "{5B5E1ADD-4A07-49B6-B28A-27F6B38421AB}"
EndProject
Project("{9A19103F-16F7-4668-BE54-9A1E7A4F7556}") = "RecordingViewer", "..\RecordingViewer\RecordingViewer.csproj", "{99AFAB6C-5F26-42D5-8803-7EA31DD9977F}"
EndProject
Project("{FAE04EC0-301F-11D3-BF4B-00C04F79EFBC}") = "RadioRecord", "..\RadioRecord\RadioRecord.csproj", "{051CE4B4-CCCB-41F8-A605-766229AA9E88}"
EndProject
Global
	GlobalSection(SolutionConfigurationPlatforms) = preSolution
		Debug|Any CPU = Debug|Any CPU
		Release|Any CPU = Release|Any CPU
	EndGlobalSection
	GlobalSection(ProjectConfigurationPlatforms) = postSolution
		{079DF766-8D4F-48E8-9B01-8278831A6868}.Debug|Any CPU.ActiveCfg = Debug|Any CPU
		{079DF766-8D4F-48E8-9B01-8278831A6868}.Debug|Any CPU.Build.0 = Debug|Any CPU
		{079DF766-8D4F-48E8-9B01-8278831A6868}.Release|Any CPU.ActiveCfg = Release|Any CPU
		{079DF766-8D4F-48E8-9B01-8278831A6868}.Release|Any CPU.Build.0 = Release|Any CPU
		{5B5E1ADD-4A07-49B6-B28A-27F6B38421AB}.Debug|Any CPU.ActiveCfg = Debug|Any CPU
		{5B5E1ADD-4A07-49B6-B28A-27F6B38421AB}.Debug|Any CPU.Build.0 = Debug|Any CPU
		{5B5E1ADD-4A07-49B6-B28A-27F6B38421AB}.Release|Any CPU.ActiveCfg = Release|Any CPU
		{5B5E1ADD-4A07-49B6-B28A-27F6B38421AB}.Release|Any CPU.Build.0 = Release|Any CPU
		{99AFAB6C-5F26-42D5-8803-7EA31DD9977F}.Debug|Any CPU.ActiveCfg = Debug|Any CPU
		{99AFAB6C-5F26-42D5-8803-7EA31DD9977F}.Debug|Any CPU.Build.0 = Debug|Any CPU
		{99AFAB6C-5F26-42D5-8803-7EA31DD9977F}.Release|Any CPU.ActiveCfg = Release|Any CPU
		{99AFAB6C-5F26-42D5-8803-7EA31DD9977F}.Release|Any CPU.Build.0 = Release|Any CPU
		{051CE4B4-CCCB-41F8-A605-766229AA9E88}.Debug|Any CPU.ActiveCfg = Debug|Any CPU
		{051CE4B4-CCCB-41F8-A605-766229AA9E88}.Debug|Any CPU.Build.0 = Debug|Any CPU
		{051CE4B4-CCCB-41F8-A605-766229AA9E88}.Release|Any CPU.ActiveCfg = Release|Any CPU
		{051CE4B4-CCCB-41F8-A605-766229AA9E88}.Release|Any CPU.Build.0 = Release|Any CPU
	EndGlobalSection
	GlobalSection(SolutionProperties) = preSolution
		HideSolutionNode = FALSE
	EndGlobalSection
	GlobalSection(ExtensibilityGlobals) = postSolution
		SolutionGuid = {6CDC981E-BD40-40C2-9D41-9AD771EDB294}
	EndGlobalSection
EndGlobal
